// !$*UTF8*$!
{
	archiveVersion = 1;
	classes = {
	};
	objectVersion = 56;
	objects = {

/* Begin PBXBuildFile section */
		68E2AF2A29C1E90700403541 /* AppDelegate.swift in Sources */ = {isa = PBXBuildFile; fileRef = 68E2AF2929C1E90700403541 /* AppDelegate.swift */; };
		68E2AF2C29C1E90700403541 /* SceneDelegate.swift in Sources */ = {isa = PBXBuildFile; fileRef = 68E2AF2B29C1E90700403541 /* SceneDelegate.swift */; };
		68E2AF2E29C1E90700403541 /* ViewController.swift in Sources */ = {isa = PBXBuildFile; fileRef = 68E2AF2D29C1E90700403541 /* ViewController.swift */; };
		68E2AF3329C1E90800403541 /* Assets.xcassets in Resources */ = {isa = PBXBuildFile; fileRef = 68E2AF3229C1E90800403541 /* Assets.xcassets */; };
		68E2AF3629C1E90800403541 /* LaunchScreen.storyboard in Resources */ = {isa = PBXBuildFile; fileRef = 68E2AF3429C1E90800403541 /* LaunchScreen.storyboard */; };
		68E2AF3F29C1ED9100403541 /* HomeVC.swift in Sources */ = {isa = PBXBuildFile; fileRef = 68E2AF3E29C1ED9100403541 /* HomeVC.swift */; };
		68E2AF4129C1EF1500403541 /* FavoritesVC.swift in Sources */ = {isa = PBXBuildFile; fileRef = 68E2AF4029C1EF1500403541 /* FavoritesVC.swift */; };
		68E2AF4329C1F38300403541 /* CartVC.swift in Sources */ = {isa = PBXBuildFile; fileRef = 68E2AF4229C1F38300403541 /* CartVC.swift */; };
		68E2AF4529C1F39300403541 /* ChatVC.swift in Sources */ = {isa = PBXBuildFile; fileRef = 68E2AF4429C1F39300403541 /* ChatVC.swift */; };
		68E2AF4729C1F3A400403541 /* ProfileVC.swift in Sources */ = {isa = PBXBuildFile; fileRef = 68E2AF4629C1F3A400403541 /* ProfileVC.swift */; };
		68E2AF4929C1F40100403541 /* ESTabBarController.swift in Sources */ = {isa = PBXBuildFile; fileRef = 68E2AF4829C1F40100403541 /* ESTabBarController.swift */; };
		68E2AF4C29C2132200403541 /* CategoryCollectionView.swift in Sources */ = {isa = PBXBuildFile; fileRef = 68E2AF4B29C2132200403541 /* CategoryCollectionView.swift */; };
		68E2AF4E29C213BC00403541 /* CategoryCell.swift in Sources */ = {isa = PBXBuildFile; fileRef = 68E2AF4D29C213BC00403541 /* CategoryCell.swift */; };
		68E2AF5329C214CB00403541 /* UIView+Layout.swift in Sources */ = {isa = PBXBuildFile; fileRef = 68E2AF5229C214CB00403541 /* UIView+Layout.swift */; };
		68E2AF5629C21B0E00403541 /* Categories.swift in Sources */ = {isa = PBXBuildFile; fileRef = 68E2AF5529C21B0E00403541 /* Categories.swift */; };
		68E2AF5A29C24C5E00403541 /* Montserrat-VariableFont_wght.ttf in Resources */ = {isa = PBXBuildFile; fileRef = 68E2AF5929C24C5E00403541 /* Montserrat-VariableFont_wght.ttf */; };
		68E2AF5D29C2F00A00403541 /* ProductCell.swift in Sources */ = {isa = PBXBuildFile; fileRef = 68E2AF5C29C2F00A00403541 /* ProductCell.swift */; };
		68E2AF5F29C2F79F00403541 /* Response.swift in Sources */ = {isa = PBXBuildFile; fileRef = 68E2AF5E29C2F79F00403541 /* Response.swift */; };
		68E2AF6129C2F86100403541 /* FlashSaleCollectionVC.swift in Sources */ = {isa = PBXBuildFile; fileRef = 68E2AF6029C2F86100403541 /* FlashSaleCollectionVC.swift */; };
		68E2AF6329C321B600403541 /* SignInPageVC.swift in Sources */ = {isa = PBXBuildFile; fileRef = 68E2AF6229C321B600403541 /* SignInPageVC.swift */; };
		68E2AF6529C326A000403541 /* String+Ext.swift in Sources */ = {isa = PBXBuildFile; fileRef = 68E2AF6429C326A000403541 /* String+Ext.swift */; };
		68E2AF6729C32F1F00403541 /* LoginTextField.swift in Sources */ = {isa = PBXBuildFile; fileRef = 68E2AF6629C32F1F00403541 /* LoginTextField.swift */; };
		68E2AF6929C33B1200403541 /* UIColor+Extension.swift in Sources */ = {isa = PBXBuildFile; fileRef = 68E2AF6829C33B1200403541 /* UIColor+Extension.swift */; };
		68E2AF6B29C33EBE00403541 /* Montserrat-Bold.ttf in Resources */ = {isa = PBXBuildFile; fileRef = 68E2AF6A29C33EBE00403541 /* Montserrat-Bold.ttf */; };
		68E2AF6D29C3413A00403541 /* Montserrat-SemiBold.ttf in Resources */ = {isa = PBXBuildFile; fileRef = 68E2AF6C29C3413A00403541 /* Montserrat-SemiBold.ttf */; };
		68E2AF6F29C3424400403541 /* AuthButton.swift in Sources */ = {isa = PBXBuildFile; fileRef = 68E2AF6E29C3424400403541 /* AuthButton.swift */; };
		68E2AF7229C353C000403541 /* Fonts.swift in Sources */ = {isa = PBXBuildFile; fileRef = 68E2AF7129C353C000403541 /* Fonts.swift */; };
		68E2AF7529C356BD00403541 /* Coordinator.swift in Sources */ = {isa = PBXBuildFile; fileRef = 68E2AF7429C356BD00403541 /* Coordinator.swift */; };
		68E2AF7729C3596400403541 /* AppCoordinator.swift in Sources */ = {isa = PBXBuildFile; fileRef = 68E2AF7629C3596400403541 /* AppCoordinator.swift */; };
		68E2AF7A29C359CC00403541 /* SignInCoordinator.swift in Sources */ = {isa = PBXBuildFile; fileRef = 68E2AF7929C359CC00403541 /* SignInCoordinator.swift */; };
		68E2AF7C29C35DDC00403541 /* ESTabBarCoordinator.swift in Sources */ = {isa = PBXBuildFile; fileRef = 68E2AF7B29C35DDC00403541 /* ESTabBarCoordinator.swift */; };
		68E2AF7E29C362CD00403541 /* DummyCoordinator.swift in Sources */ = {isa = PBXBuildFile; fileRef = 68E2AF7D29C362CD00403541 /* DummyCoordinator.swift */; };
		68E2AF8029C362F000403541 /* DummyVC.swift in Sources */ = {isa = PBXBuildFile; fileRef = 68E2AF7F29C362F000403541 /* DummyVC.swift */; };
		68E2AF8229C3640000403541 /* HomeCoordinator.swift in Sources */ = {isa = PBXBuildFile; fileRef = 68E2AF8129C3640000403541 /* HomeCoordinator.swift */; };
		68E2AF8429C367BA00403541 /* ProfileCoordinator.swift in Sources */ = {isa = PBXBuildFile; fileRef = 68E2AF8329C367BA00403541 /* ProfileCoordinator.swift */; };
		68E2AF8629C492EF00403541 /* LatestCollectionVC.swift in Sources */ = {isa = PBXBuildFile; fileRef = 68E2AF8529C492EF00403541 /* LatestCollectionVC.swift */; };
		68E2AF8829C4A4C000403541 /* HomeCVHeader.swift in Sources */ = {isa = PBXBuildFile; fileRef = 68E2AF8729C4A4C000403541 /* HomeCVHeader.swift */; };
		68E2AF8B29C4CC7000403541 /* ProfileTableVC.swift in Sources */ = {isa = PBXBuildFile; fileRef = 68E2AF8A29C4CC7000403541 /* ProfileTableVC.swift */; };
		68E2AF8D29C4CD6000403541 /* ProfileCategory.swift in Sources */ = {isa = PBXBuildFile; fileRef = 68E2AF8C29C4CD6000403541 /* ProfileCategory.swift */; };
		68E2AF9029C4CDBF00403541 /* ProfileTableCell.swift in Sources */ = {isa = PBXBuildFile; fileRef = 68E2AF8F29C4CDBF00403541 /* ProfileTableCell.swift */; };
		68E2AF9629C5BD4200403541 /* CategoryCollectionViewCell.swift in Sources */ = {isa = PBXBuildFile; fileRef = 68E2AF9529C5BD4200403541 /* CategoryCollectionViewCell.swift */; };
		68E2AF9829C5CFC500403541 /* LatestCollectionViewCell.swift in Sources */ = {isa = PBXBuildFile; fileRef = 68E2AF9729C5CFC500403541 /* LatestCollectionViewCell.swift */; };
		68E2AF9A29C5E21200403541 /* FlashSaleCollectionViewCell.swift in Sources */ = {isa = PBXBuildFile; fileRef = 68E2AF9929C5E21200403541 /* FlashSaleCollectionViewCell.swift */; };
		68E2AF9D29C835CB00403541 /* NetworkManager.swift in Sources */ = {isa = PBXBuildFile; fileRef = 68E2AF9C29C835CB00403541 /* NetworkManager.swift */; };
/* End PBXBuildFile section */

/* Begin PBXFileReference section */
		68E2AF2629C1E90700403541 /* EShop.app */ = {isa = PBXFileReference; explicitFileType = wrapper.application; includeInIndex = 0; path = EShop.app; sourceTree = BUILT_PRODUCTS_DIR; };
		68E2AF2929C1E90700403541 /* AppDelegate.swift */ = {isa = PBXFileReference; lastKnownFileType = sourcecode.swift; path = AppDelegate.swift; sourceTree = "<group>"; };
		68E2AF2B29C1E90700403541 /* SceneDelegate.swift */ = {isa = PBXFileReference; lastKnownFileType = sourcecode.swift; path = SceneDelegate.swift; sourceTree = "<group>"; };
		68E2AF2D29C1E90700403541 /* ViewController.swift */ = {isa = PBXFileReference; lastKnownFileType = sourcecode.swift; path = ViewController.swift; sourceTree = "<group>"; };
		68E2AF3229C1E90800403541 /* Assets.xcassets */ = {isa = PBXFileReference; lastKnownFileType = folder.assetcatalog; path = Assets.xcassets; sourceTree = "<group>"; };
		68E2AF3529C1E90800403541 /* Base */ = {isa = PBXFileReference; lastKnownFileType = file.storyboard; name = Base; path = Base.lproj/LaunchScreen.storyboard; sourceTree = "<group>"; };
		68E2AF3729C1E90800403541 /* Info.plist */ = {isa = PBXFileReference; lastKnownFileType = text.plist.xml; path = Info.plist; sourceTree = "<group>"; };
		68E2AF3E29C1ED9100403541 /* HomeVC.swift */ = {isa = PBXFileReference; lastKnownFileType = sourcecode.swift; path = HomeVC.swift; sourceTree = "<group>"; };
		68E2AF4029C1EF1500403541 /* FavoritesVC.swift */ = {isa = PBXFileReference; lastKnownFileType = sourcecode.swift; path = FavoritesVC.swift; sourceTree = "<group>"; };
		68E2AF4229C1F38300403541 /* CartVC.swift */ = {isa = PBXFileReference; lastKnownFileType = sourcecode.swift; path = CartVC.swift; sourceTree = "<group>"; };
		68E2AF4429C1F39300403541 /* ChatVC.swift */ = {isa = PBXFileReference; lastKnownFileType = sourcecode.swift; path = ChatVC.swift; sourceTree = "<group>"; };
		68E2AF4629C1F3A400403541 /* ProfileVC.swift */ = {isa = PBXFileReference; lastKnownFileType = sourcecode.swift; path = ProfileVC.swift; sourceTree = "<group>"; };
		68E2AF4829C1F40100403541 /* ESTabBarController.swift */ = {isa = PBXFileReference; lastKnownFileType = sourcecode.swift; path = ESTabBarController.swift; sourceTree = "<group>"; };
		68E2AF4B29C2132200403541 /* CategoryCollectionView.swift */ = {isa = PBXFileReference; lastKnownFileType = sourcecode.swift; path = CategoryCollectionView.swift; sourceTree = "<group>"; };
		68E2AF4D29C213BC00403541 /* CategoryCell.swift */ = {isa = PBXFileReference; lastKnownFileType = sourcecode.swift; path = CategoryCell.swift; sourceTree = "<group>"; };
		68E2AF5229C214CB00403541 /* UIView+Layout.swift */ = {isa = PBXFileReference; lastKnownFileType = sourcecode.swift; path = "UIView+Layout.swift"; sourceTree = "<group>"; };
		68E2AF5529C21B0E00403541 /* Categories.swift */ = {isa = PBXFileReference; lastKnownFileType = sourcecode.swift; path = Categories.swift; sourceTree = "<group>"; };
		68E2AF5929C24C5E00403541 /* Montserrat-VariableFont_wght.ttf */ = {isa = PBXFileReference; lastKnownFileType = file; path = "Montserrat-VariableFont_wght.ttf"; sourceTree = "<group>"; };
		68E2AF5C29C2F00A00403541 /* ProductCell.swift */ = {isa = PBXFileReference; lastKnownFileType = sourcecode.swift; path = ProductCell.swift; sourceTree = "<group>"; };
		68E2AF5E29C2F79F00403541 /* Response.swift */ = {isa = PBXFileReference; lastKnownFileType = sourcecode.swift; path = Response.swift; sourceTree = "<group>"; };
		68E2AF6029C2F86100403541 /* FlashSaleCollectionVC.swift */ = {isa = PBXFileReference; lastKnownFileType = sourcecode.swift; path = FlashSaleCollectionVC.swift; sourceTree = "<group>"; };
		68E2AF6229C321B600403541 /* SignInPageVC.swift */ = {isa = PBXFileReference; lastKnownFileType = sourcecode.swift; path = SignInPageVC.swift; sourceTree = "<group>"; };
		68E2AF6429C326A000403541 /* String+Ext.swift */ = {isa = PBXFileReference; lastKnownFileType = sourcecode.swift; path = "String+Ext.swift"; sourceTree = "<group>"; };
		68E2AF6629C32F1F00403541 /* LoginTextField.swift */ = {isa = PBXFileReference; lastKnownFileType = sourcecode.swift; path = LoginTextField.swift; sourceTree = "<group>"; };
		68E2AF6829C33B1200403541 /* UIColor+Extension.swift */ = {isa = PBXFileReference; fileEncoding = 4; lastKnownFileType = sourcecode.swift; path = "UIColor+Extension.swift"; sourceTree = "<group>"; };
		68E2AF6A29C33EBE00403541 /* Montserrat-Bold.ttf */ = {isa = PBXFileReference; lastKnownFileType = file; path = "Montserrat-Bold.ttf"; sourceTree = "<group>"; };
		68E2AF6C29C3413A00403541 /* Montserrat-SemiBold.ttf */ = {isa = PBXFileReference; lastKnownFileType = file; path = "Montserrat-SemiBold.ttf"; sourceTree = "<group>"; };
		68E2AF6E29C3424400403541 /* AuthButton.swift */ = {isa = PBXFileReference; lastKnownFileType = sourcecode.swift; path = AuthButton.swift; sourceTree = "<group>"; };
		68E2AF7129C353C000403541 /* Fonts.swift */ = {isa = PBXFileReference; lastKnownFileType = sourcecode.swift; path = Fonts.swift; sourceTree = "<group>"; };
		68E2AF7429C356BD00403541 /* Coordinator.swift */ = {isa = PBXFileReference; lastKnownFileType = sourcecode.swift; path = Coordinator.swift; sourceTree = "<group>"; };
		68E2AF7629C3596400403541 /* AppCoordinator.swift */ = {isa = PBXFileReference; lastKnownFileType = sourcecode.swift; path = AppCoordinator.swift; sourceTree = "<group>"; };
		68E2AF7929C359CC00403541 /* SignInCoordinator.swift */ = {isa = PBXFileReference; lastKnownFileType = sourcecode.swift; path = SignInCoordinator.swift; sourceTree = "<group>"; };
		68E2AF7B29C35DDC00403541 /* ESTabBarCoordinator.swift */ = {isa = PBXFileReference; lastKnownFileType = sourcecode.swift; path = ESTabBarCoordinator.swift; sourceTree = "<group>"; };
		68E2AF7D29C362CD00403541 /* DummyCoordinator.swift */ = {isa = PBXFileReference; lastKnownFileType = sourcecode.swift; path = DummyCoordinator.swift; sourceTree = "<group>"; };
		68E2AF7F29C362F000403541 /* DummyVC.swift */ = {isa = PBXFileReference; lastKnownFileType = sourcecode.swift; path = DummyVC.swift; sourceTree = "<group>"; };
		68E2AF8129C3640000403541 /* HomeCoordinator.swift */ = {isa = PBXFileReference; lastKnownFileType = sourcecode.swift; path = HomeCoordinator.swift; sourceTree = "<group>"; };
		68E2AF8329C367BA00403541 /* ProfileCoordinator.swift */ = {isa = PBXFileReference; lastKnownFileType = sourcecode.swift; path = ProfileCoordinator.swift; sourceTree = "<group>"; };
		68E2AF8529C492EF00403541 /* LatestCollectionVC.swift */ = {isa = PBXFileReference; lastKnownFileType = sourcecode.swift; path = LatestCollectionVC.swift; sourceTree = "<group>"; };
		68E2AF8729C4A4C000403541 /* HomeCVHeader.swift */ = {isa = PBXFileReference; lastKnownFileType = sourcecode.swift; path = HomeCVHeader.swift; sourceTree = "<group>"; };
		68E2AF8A29C4CC7000403541 /* ProfileTableVC.swift */ = {isa = PBXFileReference; lastKnownFileType = sourcecode.swift; path = ProfileTableVC.swift; sourceTree = "<group>"; };
		68E2AF8C29C4CD6000403541 /* ProfileCategory.swift */ = {isa = PBXFileReference; lastKnownFileType = sourcecode.swift; path = ProfileCategory.swift; sourceTree = "<group>"; };
		68E2AF8F29C4CDBF00403541 /* ProfileTableCell.swift */ = {isa = PBXFileReference; lastKnownFileType = sourcecode.swift; path = ProfileTableCell.swift; sourceTree = "<group>"; };
		68E2AF9529C5BD4200403541 /* CategoryCollectionViewCell.swift */ = {isa = PBXFileReference; lastKnownFileType = sourcecode.swift; path = CategoryCollectionViewCell.swift; sourceTree = "<group>"; };
		68E2AF9729C5CFC500403541 /* LatestCollectionViewCell.swift */ = {isa = PBXFileReference; lastKnownFileType = sourcecode.swift; path = LatestCollectionViewCell.swift; sourceTree = "<group>"; };
		68E2AF9929C5E21200403541 /* FlashSaleCollectionViewCell.swift */ = {isa = PBXFileReference; lastKnownFileType = sourcecode.swift; path = FlashSaleCollectionViewCell.swift; sourceTree = "<group>"; };
		68E2AF9C29C835CB00403541 /* NetworkManager.swift */ = {isa = PBXFileReference; lastKnownFileType = sourcecode.swift; path = NetworkManager.swift; sourceTree = "<group>"; };
/* End PBXFileReference section */

/* Begin PBXFrameworksBuildPhase section */
		68E2AF2329C1E90700403541 /* Frameworks */ = {
			isa = PBXFrameworksBuildPhase;
			buildActionMask = 2147483647;
			files = (
			);
			runOnlyForDeploymentPostprocessing = 0;
		};
/* End PBXFrameworksBuildPhase section */

/* Begin PBXGroup section */
		68E2AF1D29C1E90700403541 = {
			isa = PBXGroup;
			children = (
				68E2AF2829C1E90700403541 /* EShop */,
				68E2AF2729C1E90700403541 /* Products */,
			);
			sourceTree = "<group>";
		};
		68E2AF2729C1E90700403541 /* Products */ = {
			isa = PBXGroup;
			children = (
				68E2AF2629C1E90700403541 /* EShop.app */,
			);
			name = Products;
			sourceTree = "<group>";
		};
		68E2AF2829C1E90700403541 /* EShop */ = {
			isa = PBXGroup;
			children = (
				68E2AF9B29C8346200403541 /* Services */,
				68E2AF7329C3562000403541 /* Base */,
				68E2AF5729C24C3100403541 /* Helpers */,
				68E2AF5429C21ADE00403541 /* Models */,
				68E2AF4F29C214A100403541 /* Extensions */,
				68E2AF4A29C2113300403541 /* VIews */,
				68E2AF3D29C1ED4E00403541 /* Controllers */,
				68E2AF7829C359AD00403541 /* Coordinators */,
				68E2AF2929C1E90700403541 /* AppDelegate.swift */,
				68E2AF2B29C1E90700403541 /* SceneDelegate.swift */,
				68E2AF7629C3596400403541 /* AppCoordinator.swift */,
				68E2AF2D29C1E90700403541 /* ViewController.swift */,
				68E2AF3229C1E90800403541 /* Assets.xcassets */,
				68E2AF3429C1E90800403541 /* LaunchScreen.storyboard */,
				68E2AF3729C1E90800403541 /* Info.plist */,
			);
			path = EShop;
			sourceTree = "<group>";
		};
		68E2AF3D29C1ED4E00403541 /* Controllers */ = {
			isa = PBXGroup;
			children = (
				68E2AF8929C4CC4200403541 /* Profile */,
				68E2AF3E29C1ED9100403541 /* HomeVC.swift */,
				68E2AF4029C1EF1500403541 /* FavoritesVC.swift */,
				68E2AF4229C1F38300403541 /* CartVC.swift */,
				68E2AF4429C1F39300403541 /* ChatVC.swift */,
				68E2AF4829C1F40100403541 /* ESTabBarController.swift */,
				68E2AF6229C321B600403541 /* SignInPageVC.swift */,
				68E2AF7F29C362F000403541 /* DummyVC.swift */,
			);
			path = Controllers;
			sourceTree = "<group>";
		};
		68E2AF4A29C2113300403541 /* VIews */ = {
			isa = PBXGroup;
			children = (
				68E2AF9429C5BD2B00403541 /* Home */,
				68E2AF8E29C4CD9800403541 /* Profile */,
				68E2AF7029C34A8300403541 /* Login */,
				68E2AF5B29C2EF6E00403541 /* Category */,
				68E2AF5C29C2F00A00403541 /* ProductCell.swift */,
				68E2AF6029C2F86100403541 /* FlashSaleCollectionVC.swift */,
				68E2AF8529C492EF00403541 /* LatestCollectionVC.swift */,
				68E2AF8729C4A4C000403541 /* HomeCVHeader.swift */,
			);
			path = VIews;
			sourceTree = "<group>";
		};
		68E2AF4F29C214A100403541 /* Extensions */ = {
			isa = PBXGroup;
			children = (
				68E2AF6829C33B1200403541 /* UIColor+Extension.swift */,
				68E2AF5229C214CB00403541 /* UIView+Layout.swift */,
				68E2AF6429C326A000403541 /* String+Ext.swift */,
			);
			path = Extensions;
			sourceTree = "<group>";
		};
		68E2AF5429C21ADE00403541 /* Models */ = {
			isa = PBXGroup;
			children = (
				68E2AF5529C21B0E00403541 /* Categories.swift */,
				68E2AF5E29C2F79F00403541 /* Response.swift */,
				68E2AF8C29C4CD6000403541 /* ProfileCategory.swift */,
			);
			path = Models;
			sourceTree = "<group>";
		};
		68E2AF5729C24C3100403541 /* Helpers */ = {
			isa = PBXGroup;
			children = (
				68E2AF5829C24C3B00403541 /* Fonts */,
				68E2AF7129C353C000403541 /* Fonts.swift */,
			);
			path = Helpers;
			sourceTree = "<group>";
		};
		68E2AF5829C24C3B00403541 /* Fonts */ = {
			isa = PBXGroup;
			children = (
				68E2AF5929C24C5E00403541 /* Montserrat-VariableFont_wght.ttf */,
				68E2AF6C29C3413A00403541 /* Montserrat-SemiBold.ttf */,
				68E2AF6A29C33EBE00403541 /* Montserrat-Bold.ttf */,
			);
			path = Fonts;
			sourceTree = "<group>";
		};
		68E2AF5B29C2EF6E00403541 /* Category */ = {
			isa = PBXGroup;
			children = (
				68E2AF4D29C213BC00403541 /* CategoryCell.swift */,
				68E2AF4B29C2132200403541 /* CategoryCollectionView.swift */,
			);
			path = Category;
			sourceTree = "<group>";
		};
		68E2AF7029C34A8300403541 /* Login */ = {
			isa = PBXGroup;
			children = (
				68E2AF6629C32F1F00403541 /* LoginTextField.swift */,
				68E2AF6E29C3424400403541 /* AuthButton.swift */,
			);
			path = Login;
			sourceTree = "<group>";
		};
		68E2AF7329C3562000403541 /* Base */ = {
			isa = PBXGroup;
			children = (
				68E2AF7429C356BD00403541 /* Coordinator.swift */,
			);
			path = Base;
			sourceTree = "<group>";
		};
		68E2AF7829C359AD00403541 /* Coordinators */ = {
			isa = PBXGroup;
			children = (
				68E2AF7929C359CC00403541 /* SignInCoordinator.swift */,
				68E2AF7B29C35DDC00403541 /* ESTabBarCoordinator.swift */,
				68E2AF7D29C362CD00403541 /* DummyCoordinator.swift */,
				68E2AF8129C3640000403541 /* HomeCoordinator.swift */,
				68E2AF8329C367BA00403541 /* ProfileCoordinator.swift */,
			);
			path = Coordinators;
			sourceTree = "<group>";
		};
		68E2AF8929C4CC4200403541 /* Profile */ = {
			isa = PBXGroup;
			children = (
				68E2AF4629C1F3A400403541 /* ProfileVC.swift */,
				68E2AF8A29C4CC7000403541 /* ProfileTableVC.swift */,
			);
			path = Profile;
			sourceTree = "<group>";
		};
		68E2AF8E29C4CD9800403541 /* Profile */ = {
			isa = PBXGroup;
			children = (
				68E2AF8F29C4CDBF00403541 /* ProfileTableCell.swift */,
			);
			path = Profile;
			sourceTree = "<group>";
		};
		68E2AF9429C5BD2B00403541 /* Home */ = {
			isa = PBXGroup;
			children = (
				68E2AF9529C5BD4200403541 /* CategoryCollectionViewCell.swift */,
				68E2AF9729C5CFC500403541 /* LatestCollectionViewCell.swift */,
				68E2AF9929C5E21200403541 /* FlashSaleCollectionViewCell.swift */,
			);
			path = Home;
			sourceTree = "<group>";
		};
		68E2AF9B29C8346200403541 /* Services */ = {
			isa = PBXGroup;
			children = (
				68E2AF9C29C835CB00403541 /* NetworkManager.swift */,
			);
			path = Services;
			sourceTree = "<group>";
		};
/* End PBXGroup section */

/* Begin PBXNativeTarget section */
		68E2AF2529C1E90700403541 /* EShop */ = {
			isa = PBXNativeTarget;
			buildConfigurationList = 68E2AF3A29C1E90800403541 /* Build configuration list for PBXNativeTarget "EShop" */;
			buildPhases = (
				68E2AF2229C1E90700403541 /* Sources */,
				68E2AF2329C1E90700403541 /* Frameworks */,
				68E2AF2429C1E90700403541 /* Resources */,
			);
			buildRules = (
			);
			dependencies = (
			);
			name = EShop;
			productName = EShop;
			productReference = 68E2AF2629C1E90700403541 /* EShop.app */;
			productType = "com.apple.product-type.application";
		};
/* End PBXNativeTarget section */

/* Begin PBXProject section */
		68E2AF1E29C1E90700403541 /* Project object */ = {
			isa = PBXProject;
			attributes = {
				BuildIndependentTargetsInParallel = 1;
				LastSwiftUpdateCheck = 1420;
				LastUpgradeCheck = 1420;
				TargetAttributes = {
					68E2AF2529C1E90700403541 = {
						CreatedOnToolsVersion = 14.2;
					};
				};
			};
			buildConfigurationList = 68E2AF2129C1E90700403541 /* Build configuration list for PBXProject "EShop" */;
			compatibilityVersion = "Xcode 14.0";
			developmentRegion = en;
			hasScannedForEncodings = 0;
			knownRegions = (
				en,
				Base,
			);
			mainGroup = 68E2AF1D29C1E90700403541;
			productRefGroup = 68E2AF2729C1E90700403541 /* Products */;
			projectDirPath = "";
			projectRoot = "";
			targets = (
				68E2AF2529C1E90700403541 /* EShop */,
			);
		};
/* End PBXProject section */

/* Begin PBXResourcesBuildPhase section */
		68E2AF2429C1E90700403541 /* Resources */ = {
			isa = PBXResourcesBuildPhase;
			buildActionMask = 2147483647;
			files = (
				68E2AF6B29C33EBE00403541 /* Montserrat-Bold.ttf in Resources */,
				68E2AF3629C1E90800403541 /* LaunchScreen.storyboard in Resources */,
				68E2AF5A29C24C5E00403541 /* Montserrat-VariableFont_wght.ttf in Resources */,
				68E2AF3329C1E90800403541 /* Assets.xcassets in Resources */,
				68E2AF6D29C3413A00403541 /* Montserrat-SemiBold.ttf in Resources */,
			);
			runOnlyForDeploymentPostprocessing = 0;
		};
/* End PBXResourcesBuildPhase section */

/* Begin PBXSourcesBuildPhase section */
		68E2AF2229C1E90700403541 /* Sources */ = {
			isa = PBXSourcesBuildPhase;
			buildActionMask = 2147483647;
			files = (
				68E2AF7E29C362CD00403541 /* DummyCoordinator.swift in Sources */,
				68E2AF6529C326A000403541 /* String+Ext.swift in Sources */,
				68E2AF9A29C5E21200403541 /* FlashSaleCollectionViewCell.swift in Sources */,
				68E2AF9D29C835CB00403541 /* NetworkManager.swift in Sources */,
				68E2AF6F29C3424400403541 /* AuthButton.swift in Sources */,
				68E2AF9829C5CFC500403541 /* LatestCollectionViewCell.swift in Sources */,
				68E2AF4C29C2132200403541 /* CategoryCollectionView.swift in Sources */,
				68E2AF8229C3640000403541 /* HomeCoordinator.swift in Sources */,
				68E2AF4129C1EF1500403541 /* FavoritesVC.swift in Sources */,
				68E2AF7A29C359CC00403541 /* SignInCoordinator.swift in Sources */,
				68E2AF4929C1F40100403541 /* ESTabBarController.swift in Sources */,
				68E2AF5F29C2F79F00403541 /* Response.swift in Sources */,
				68E2AF4529C1F39300403541 /* ChatVC.swift in Sources */,
				68E2AF8029C362F000403541 /* DummyVC.swift in Sources */,
				68E2AF7C29C35DDC00403541 /* ESTabBarCoordinator.swift in Sources */,
				68E2AF6129C2F86100403541 /* FlashSaleCollectionVC.swift in Sources */,
				68E2AF2E29C1E90700403541 /* ViewController.swift in Sources */,
				68E2AF9029C4CDBF00403541 /* ProfileTableCell.swift in Sources */,
				68E2AF5D29C2F00A00403541 /* ProductCell.swift in Sources */,
				68E2AF4329C1F38300403541 /* CartVC.swift in Sources */,
				68E2AF8B29C4CC7000403541 /* ProfileTableVC.swift in Sources */,
				68E2AF4729C1F3A400403541 /* ProfileVC.swift in Sources */,
				68E2AF7729C3596400403541 /* AppCoordinator.swift in Sources */,
				68E2AF3F29C1ED9100403541 /* HomeVC.swift in Sources */,
				68E2AF8629C492EF00403541 /* LatestCollectionVC.swift in Sources */,
				68E2AF6329C321B600403541 /* SignInPageVC.swift in Sources */,
				68E2AF9629C5BD4200403541 /* CategoryCollectionViewCell.swift in Sources */,
				68E2AF5329C214CB00403541 /* UIView+Layout.swift in Sources */,
				68E2AF7229C353C000403541 /* Fonts.swift in Sources */,
				68E2AF2A29C1E90700403541 /* AppDelegate.swift in Sources */,
				68E2AF8D29C4CD6000403541 /* ProfileCategory.swift in Sources */,
				68E2AF8829C4A4C000403541 /* HomeCVHeader.swift in Sources */,
				68E2AF7529C356BD00403541 /* Coordinator.swift in Sources */,
				68E2AF2C29C1E90700403541 /* SceneDelegate.swift in Sources */,
				68E2AF4E29C213BC00403541 /* CategoryCell.swift in Sources */,
				68E2AF5629C21B0E00403541 /* Categories.swift in Sources */,
				68E2AF6729C32F1F00403541 /* LoginTextField.swift in Sources */,
				68E2AF8429C367BA00403541 /* ProfileCoordinator.swift in Sources */,
				68E2AF6929C33B1200403541 /* UIColor+Extension.swift in Sources */,
			);
			runOnlyForDeploymentPostprocessing = 0;
		};
/* End PBXSourcesBuildPhase section */

/* Begin PBXVariantGroup section */
		68E2AF3429C1E90800403541 /* LaunchScreen.storyboard */ = {
			isa = PBXVariantGroup;
			children = (
				68E2AF3529C1E90800403541 /* Base */,
			);
			name = LaunchScreen.storyboard;
			sourceTree = "<group>";
		};
/* End PBXVariantGroup section */

/* Begin XCBuildConfiguration section */
		68E2AF3829C1E90800403541 /* Debug */ = {
			isa = XCBuildConfiguration;
			buildSettings = {
				ALWAYS_SEARCH_USER_PATHS = NO;
				CLANG_ANALYZER_NONNULL = YES;
				CLANG_ANALYZER_NUMBER_OBJECT_CONVERSION = YES_AGGRESSIVE;
				CLANG_CXX_LANGUAGE_STANDARD = "gnu++20";
				CLANG_ENABLE_MODULES = YES;
				CLANG_ENABLE_OBJC_ARC = YES;
				CLANG_ENABLE_OBJC_WEAK = YES;
				CLANG_WARN_BLOCK_CAPTURE_AUTORELEASING = YES;
				CLANG_WARN_BOOL_CONVERSION = YES;
				CLANG_WARN_COMMA = YES;
				CLANG_WARN_CONSTANT_CONVERSION = YES;
				CLANG_WARN_DEPRECATED_OBJC_IMPLEMENTATIONS = YES;
				CLANG_WARN_DIRECT_OBJC_ISA_USAGE = YES_ERROR;
				CLANG_WARN_DOCUMENTATION_COMMENTS = YES;
				CLANG_WARN_EMPTY_BODY = YES;
				CLANG_WARN_ENUM_CONVERSION = YES;
				CLANG_WARN_INFINITE_RECURSION = YES;
				CLANG_WARN_INT_CONVERSION = YES;
				CLANG_WARN_NON_LITERAL_NULL_CONVERSION = YES;
				CLANG_WARN_OBJC_IMPLICIT_RETAIN_SELF = YES;
				CLANG_WARN_OBJC_LITERAL_CONVERSION = YES;
				CLANG_WARN_OBJC_ROOT_CLASS = YES_ERROR;
				CLANG_WARN_QUOTED_INCLUDE_IN_FRAMEWORK_HEADER = YES;
				CLANG_WARN_RANGE_LOOP_ANALYSIS = YES;
				CLANG_WARN_STRICT_PROTOTYPES = YES;
				CLANG_WARN_SUSPICIOUS_MOVE = YES;
				CLANG_WARN_UNGUARDED_AVAILABILITY = YES_AGGRESSIVE;
				CLANG_WARN_UNREACHABLE_CODE = YES;
				CLANG_WARN__DUPLICATE_METHOD_MATCH = YES;
				COPY_PHASE_STRIP = NO;
				DEBUG_INFORMATION_FORMAT = dwarf;
				ENABLE_STRICT_OBJC_MSGSEND = YES;
				ENABLE_TESTABILITY = YES;
				GCC_C_LANGUAGE_STANDARD = gnu11;
				GCC_DYNAMIC_NO_PIC = NO;
				GCC_NO_COMMON_BLOCKS = YES;
				GCC_OPTIMIZATION_LEVEL = 0;
				GCC_PREPROCESSOR_DEFINITIONS = (
					"DEBUG=1",
					"$(inherited)",
				);
				GCC_WARN_64_TO_32_BIT_CONVERSION = YES;
				GCC_WARN_ABOUT_RETURN_TYPE = YES_ERROR;
				GCC_WARN_UNDECLARED_SELECTOR = YES;
				GCC_WARN_UNINITIALIZED_AUTOS = YES_AGGRESSIVE;
				GCC_WARN_UNUSED_FUNCTION = YES;
				GCC_WARN_UNUSED_VARIABLE = YES;
				IPHONEOS_DEPLOYMENT_TARGET = 16.2;
				MTL_ENABLE_DEBUG_INFO = INCLUDE_SOURCE;
				MTL_FAST_MATH = YES;
				ONLY_ACTIVE_ARCH = YES;
				SDKROOT = iphoneos;
				SWIFT_ACTIVE_COMPILATION_CONDITIONS = DEBUG;
				SWIFT_OPTIMIZATION_LEVEL = "-Onone";
			};
			name = Debug;
		};
		68E2AF3929C1E90800403541 /* Release */ = {
			isa = XCBuildConfiguration;
			buildSettings = {
				ALWAYS_SEARCH_USER_PATHS = NO;
				CLANG_ANALYZER_NONNULL = YES;
				CLANG_ANALYZER_NUMBER_OBJECT_CONVERSION = YES_AGGRESSIVE;
				CLANG_CXX_LANGUAGE_STANDARD = "gnu++20";
				CLANG_ENABLE_MODULES = YES;
				CLANG_ENABLE_OBJC_ARC = YES;
				CLANG_ENABLE_OBJC_WEAK = YES;
				CLANG_WARN_BLOCK_CAPTURE_AUTORELEASING = YES;
				CLANG_WARN_BOOL_CONVERSION = YES;
				CLANG_WARN_COMMA = YES;
				CLANG_WARN_CONSTANT_CONVERSION = YES;
				CLANG_WARN_DEPRECATED_OBJC_IMPLEMENTATIONS = YES;
				CLANG_WARN_DIRECT_OBJC_ISA_USAGE = YES_ERROR;
				CLANG_WARN_DOCUMENTATION_COMMENTS = YES;
				CLANG_WARN_EMPTY_BODY = YES;
				CLANG_WARN_ENUM_CONVERSION = YES;
				CLANG_WARN_INFINITE_RECURSION = YES;
				CLANG_WARN_INT_CONVERSION = YES;
				CLANG_WARN_NON_LITERAL_NULL_CONVERSION = YES;
				CLANG_WARN_OBJC_IMPLICIT_RETAIN_SELF = YES;
				CLANG_WARN_OBJC_LITERAL_CONVERSION = YES;
				CLANG_WARN_OBJC_ROOT_CLASS = YES_ERROR;
				CLANG_WARN_QUOTED_INCLUDE_IN_FRAMEWORK_HEADER = YES;
				CLANG_WARN_RANGE_LOOP_ANALYSIS = YES;
				CLANG_WARN_STRICT_PROTOTYPES = YES;
				CLANG_WARN_SUSPICIOUS_MOVE = YES;
				CLANG_WARN_UNGUARDED_AVAILABILITY = YES_AGGRESSIVE;
				CLANG_WARN_UNREACHABLE_CODE = YES;
				CLANG_WARN__DUPLICATE_METHOD_MATCH = YES;
				COPY_PHASE_STRIP = NO;
				DEBUG_INFORMATION_FORMAT = "dwarf-with-dsym";
				ENABLE_NS_ASSERTIONS = NO;
				ENABLE_STRICT_OBJC_MSGSEND = YES;
				GCC_C_LANGUAGE_STANDARD = gnu11;
				GCC_NO_COMMON_BLOCKS = YES;
				GCC_WARN_64_TO_32_BIT_CONVERSION = YES;
				GCC_WARN_ABOUT_RETURN_TYPE = YES_ERROR;
				GCC_WARN_UNDECLARED_SELECTOR = YES;
				GCC_WARN_UNINITIALIZED_AUTOS = YES_AGGRESSIVE;
				GCC_WARN_UNUSED_FUNCTION = YES;
				GCC_WARN_UNUSED_VARIABLE = YES;
				IPHONEOS_DEPLOYMENT_TARGET = 16.2;
				MTL_ENABLE_DEBUG_INFO = NO;
				MTL_FAST_MATH = YES;
				SDKROOT = iphoneos;
				SWIFT_COMPILATION_MODE = wholemodule;
				SWIFT_OPTIMIZATION_LEVEL = "-O";
				VALIDATE_PRODUCT = YES;
			};
			name = Release;
		};
		68E2AF3B29C1E90800403541 /* Debug */ = {
			isa = XCBuildConfiguration;
			buildSettings = {
				ASSETCATALOG_COMPILER_APPICON_NAME = AppIcon;
				ASSETCATALOG_COMPILER_GLOBAL_ACCENT_COLOR_NAME = AccentColor;
				CODE_SIGN_STYLE = Automatic;
				CURRENT_PROJECT_VERSION = 1;
				DEVELOPMENT_TEAM = X835WKZUQQ;
				GENERATE_INFOPLIST_FILE = YES;
				INFOPLIST_FILE = EShop/Info.plist;
				INFOPLIST_KEY_UIApplicationSupportsIndirectInputEvents = YES;
				INFOPLIST_KEY_UILaunchStoryboardName = LaunchScreen;
				INFOPLIST_KEY_UIMainStoryboardFile = "";
				INFOPLIST_KEY_UISupportedInterfaceOrientations = UIInterfaceOrientationPortrait;
				INFOPLIST_KEY_UISupportedInterfaceOrientations_iPad = "UIInterfaceOrientationLandscapeLeft UIInterfaceOrientationLandscapeRight UIInterfaceOrientationPortrait UIInterfaceOrientationPortraitUpsideDown";
				LD_RUNPATH_SEARCH_PATHS = (
					"$(inherited)",
					"@executable_path/Frameworks",
				);
				MARKETING_VERSION = 1.0;
				PRODUCT_BUNDLE_IDENTIFIER = "K.K.-Inc.EShop";
				PRODUCT_NAME = "$(TARGET_NAME)";
				SUPPORTED_PLATFORMS = "iphoneos iphonesimulator";
				SUPPORTS_MACCATALYST = NO;
				SUPPORTS_MAC_DESIGNED_FOR_IPHONE_IPAD = NO;
				SWIFT_EMIT_LOC_STRINGS = YES;
				SWIFT_VERSION = 5.0;
				TARGETED_DEVICE_FAMILY = 1;
			};
			name = Debug;
		};
		68E2AF3C29C1E90800403541 /* Release */ = {
			isa = XCBuildConfiguration;
			buildSettings = {
				ASSETCATALOG_COMPILER_APPICON_NAME = AppIcon;
				ASSETCATALOG_COMPILER_GLOBAL_ACCENT_COLOR_NAME = AccentColor;
				CODE_SIGN_STYLE = Automatic;
				CURRENT_PROJECT_VERSION = 1;
				DEVELOPMENT_TEAM = X835WKZUQQ;
				GENERATE_INFOPLIST_FILE = YES;
				INFOPLIST_FILE = EShop/Info.plist;
				INFOPLIST_KEY_UIApplicationSupportsIndirectInputEvents = YES;
				INFOPLIST_KEY_UILaunchStoryboardName = LaunchScreen;
				INFOPLIST_KEY_UIMainStoryboardFile = "";
				INFOPLIST_KEY_UISupportedInterfaceOrientations = UIInterfaceOrientationPortrait;
				INFOPLIST_KEY_UISupportedInterfaceOrientations_iPad = "UIInterfaceOrientationLandscapeLeft UIInterfaceOrientationLandscapeRight UIInterfaceOrientationPortrait UIInterfaceOrientationPortraitUpsideDown";
				LD_RUNPATH_SEARCH_PATHS = (
					"$(inherited)",
					"@executable_path/Frameworks",
				);
				MARKETING_VERSION = 1.0;
				PRODUCT_BUNDLE_IDENTIFIER = "K.K.-Inc.EShop";
				PRODUCT_NAME = "$(TARGET_NAME)";
				SUPPORTED_PLATFORMS = "iphoneos iphonesimulator";
				SUPPORTS_MACCATALYST = NO;
				SUPPORTS_MAC_DESIGNED_FOR_IPHONE_IPAD = NO;
				SWIFT_EMIT_LOC_STRINGS = YES;
				SWIFT_VERSION = 5.0;
				TARGETED_DEVICE_FAMILY = 1;
			};
			name = Release;
		};
/* End XCBuildConfiguration section */

/* Begin XCConfigurationList section */
		68E2AF2129C1E90700403541 /* Build configuration list for PBXProject "EShop" */ = {
			isa = XCConfigurationList;
			buildConfigurations = (
				68E2AF3829C1E90800403541 /* Debug */,
				68E2AF3929C1E90800403541 /* Release */,
			);
			defaultConfigurationIsVisible = 0;
			defaultConfigurationName = Release;
		};
		68E2AF3A29C1E90800403541 /* Build configuration list for PBXNativeTarget "EShop" */ = {
			isa = XCConfigurationList;
			buildConfigurations = (
				68E2AF3B29C1E90800403541 /* Debug */,
				68E2AF3C29C1E90800403541 /* Release */,
			);
			defaultConfigurationIsVisible = 0;
			defaultConfigurationName = Release;
		};
/* End XCConfigurationList section */
	};
	rootObject = 68E2AF1E29C1E90700403541 /* Project object */;
}
